
Microsoft Visual Studio Solution File, Format Version 12.00
# Visual Studio 2012
Project("{FAE04EC0-301F-11D3-BF4B-00C04F79EFBC}") = "pre-commit", "pre-commit\pre-commit.csproj", "{3D325BBB-BF42-4412-8FFA-A53E8A0BADE1}"
EndProject
Project("{FAE04EC0-301F-11D3-BF4B-00C04F79EFBC}") = "post-commit", "post-commit\post-commit.csproj", "{BFA46DB3-B73D-4EDB-A763-F4FCA053C88D}"
EndProject
Global
	GlobalSection(SolutionConfigurationPlatforms) = preSolution
		Debug|Any CPU = Debug|Any CPU
		Release|Any CPU = Release|Any CPU
	EndGlobalSection
	GlobalSection(ProjectConfigurationPlatforms) = postSolution
		{3D325BBB-BF42-4412-8FFA-A53E8A0BADE1}.Debug|Any CPU.ActiveCfg = Debug|Any CPU
		{3D325BBB-BF42-4412-8FFA-A53E8A0BADE1}.Debug|Any CPU.Build.0 = Debug|Any CPU
		{3D325BBB-BF42-4412-8FFA-A53E8A0BADE1}.Release|Any CPU.ActiveCfg = Release|Any CPU
		{3D325BBB-BF42-4412-8FFA-A53E8A0BADE1}.Release|Any CPU.Build.0 = Release|Any CPU
		{BFA46DB3-B73D-4EDB-A763-F4FCA053C88D}.Debug|Any CPU.ActiveCfg = Debug|Any CPU
		{BFA46DB3-B73D-4EDB-A763-F4FCA053C88D}.Debug|Any CPU.Build.0 = Debug|Any CPU
		{BFA46DB3-B73D-4EDB-A763-F4FCA053C88D}.Release|Any CPU.ActiveCfg = Release|Any CPU
		{BFA46DB3-B73D-4EDB-A763-F4FCA053C88D}.Release|Any CPU.Build.0 = Release|Any CPU
	EndGlobalSection
	GlobalSection(SolutionProperties) = preSolution
		HideSolutionNode = FALSE
	EndGlobalSection
EndGlobal
